
Microsoft Visual Studio Solution File, Format Version 12.00
# Visual Studio 15
VisualStudioVersion = 15.0.28307.136
MinimumVisualStudioVersion = 10.0.40219.1
Project("{FAE04EC0-301F-11D3-BF4B-00C04F79EFBC}") = "OnlineRestaurant.MenuApi", "OnlineRestaurant.MenuApi\OnlineRestaurant.MenuApi.csproj", "{EB87FDDC-A395-4D29-904B-4E416D55EB9B}"
EndProject
Global
	GlobalSection(SolutionConfigurationPlatforms) = preSolution
		Debug|Any CPU = Debug|Any CPU
		Release|Any CPU = Release|Any CPU
	EndGlobalSection
	GlobalSection(ProjectConfigurationPlatforms) = postSolution
		{EB87FDDC-A395-4D29-904B-4E416D55EB9B}.Debug|Any CPU.ActiveCfg = Debug|Any CPU
		{EB87FDDC-A395-4D29-904B-4E416D55EB9B}.Debug|Any CPU.Build.0 = Debug|Any CPU
		{EB87FDDC-A395-4D29-904B-4E416D55EB9B}.Release|Any CPU.ActiveCfg = Release|Any CPU
		{EB87FDDC-A395-4D29-904B-4E416D55EB9B}.Release|Any CPU.Build.0 = Release|Any CPU
	EndGlobalSection
	GlobalSection(SolutionProperties) = preSolution
		HideSolutionNode = FALSE
	EndGlobalSection
	GlobalSection(ExtensibilityGlobals) = postSolution
		SolutionGuid = {0A1281EE-3403-46EB-ADCA-C2122BDF8462}
	EndGlobalSection
EndGlobal
